{
  "name": "service-desk-workspace-styles",
  "lockfileVersion": 3,
  "requires": true,
  "packages": {
    "": {
      "name": "service-desk-workspace-styles",
      "dependencies": {
        "@primer/css": "22.3.2"
      }
    },
    "node_modules/@primer/css": {
      "version": "22.3.2",
      "resolved": "https://registry.npmjs.org/@primer/css/-/css-22.3.2.tgz",
      "integrity": "sha512-Vjx7U/ILnGsEQP+cZ4p8blVTFcjE2TmwxTICvv5RjoBdS7QacDVllpJo+A9raJB0TxvetPiOqSR7NyHX3hcMKQ==",
      "license": "MIT",
      "engines": {
        "node": ">=16.0.0"
      },
      "peerDependencies": {
        "@primer/primitives": "10.x || 11.x"
      }
    },
    "node_modules/@primer/primitives": {
      "version": "11.10.0",
      "resolved": "https://registry.npmjs.org/@primer/primitives/-/primitives-11.10.0.tgz",
      "integrity": "sha512-ihZxIst4Izry284StKFjpbYvX6R/IBFTLu+qiuAmR93PsKF2hdjoabhSYwKI8iCxOUx94jVP55bI3NoY7STjYQ==",
      "license": "MIT",
      "peer": true,
      "workspaces": [
        ".",
        "docs/storybook"
      ]
    }
  }
}
